
Microsoft Visual Studio Solution File, Format Version 12.00
# Visual Studio Version 16
VisualStudioVersion = 16.0.31729.503
MinimumVisualStudioVersion = 10.0.40219.1
Project("{9A19103F-16F7-4668-BE54-9A1E7A4F7556}") = "MonitorSpyAPI", "MonitorSpyAPI\MonitorSpyAPI.csproj", "{91EC94F1-60D0-4196-A604-C8F7B7F80438}"
EndProject
Project("{FAE04EC0-301F-11D3-BF4B-00C04F79EFBC}") = "MonitorSpyAPI.Dominio", "MonitorSpyAPI.Dominio\MonitorSpyAPI.Dominio.csproj", "{FFB63712-95C9-4C21-89C3-BD18B4CA9116}"
EndProject
Global
	GlobalSection(SolutionConfigurationPlatforms) = preSolution
		Debug|Any CPU = Debug|Any CPU
		Release|Any CPU = Release|Any CPU
	EndGlobalSection
	GlobalSection(ProjectConfigurationPlatforms) = postSolution
		{91EC94F1-60D0-4196-A604-C8F7B7F80438}.Debug|Any CPU.ActiveCfg = Debug|Any CPU
		{91EC94F1-60D0-4196-A604-C8F7B7F80438}.Debug|Any CPU.Build.0 = Debug|Any CPU
		{91EC94F1-60D0-4196-A604-C8F7B7F80438}.Release|Any CPU.ActiveCfg = Release|Any CPU
		{91EC94F1-60D0-4196-A604-C8F7B7F80438}.Release|Any CPU.Build.0 = Release|Any CPU
		{FFB63712-95C9-4C21-89C3-BD18B4CA9116}.Debug|Any CPU.ActiveCfg = Debug|Any CPU
		{FFB63712-95C9-4C21-89C3-BD18B4CA9116}.Debug|Any CPU.Build.0 = Debug|Any CPU
		{FFB63712-95C9-4C21-89C3-BD18B4CA9116}.Release|Any CPU.ActiveCfg = Release|Any CPU
		{FFB63712-95C9-4C21-89C3-BD18B4CA9116}.Release|Any CPU.Build.0 = Release|Any CPU
	EndGlobalSection
	GlobalSection(SolutionProperties) = preSolution
		HideSolutionNode = FALSE
	EndGlobalSection
	GlobalSection(ExtensibilityGlobals) = postSolution
		SolutionGuid = {2AB1C145-C988-4695-AFF5-EA4AD3415CE2}
	EndGlobalSection
EndGlobal
